
Microsoft Visual Studio Solution File, Format Version 12.00
# Visual Studio 15
VisualStudioVersion = 15.0.27130.2027
MinimumVisualStudioVersion = 10.0.40219.1
Project("{FAE04EC0-301F-11D3-BF4B-00C04F79EFBC}") = "LuisFormFlow", "LuisFormFlow\LuisFormFlow.csproj", "{CBC25EA4-86FB-49FA-A58B-0819F6F41C5A}"
EndProject
Global
	GlobalSection(SolutionConfigurationPlatforms) = preSolution
		Debug|Any CPU = Debug|Any CPU
		Release|Any CPU = Release|Any CPU
	EndGlobalSection
	GlobalSection(ProjectConfigurationPlatforms) = postSolution
		{CBC25EA4-86FB-49FA-A58B-0819F6F41C5A}.Debug|Any CPU.ActiveCfg = Debug|Any CPU
		{CBC25EA4-86FB-49FA-A58B-0819F6F41C5A}.Debug|Any CPU.Build.0 = Debug|Any CPU
		{CBC25EA4-86FB-49FA-A58B-0819F6F41C5A}.Release|Any CPU.ActiveCfg = Release|Any CPU
		{CBC25EA4-86FB-49FA-A58B-0819F6F41C5A}.Release|Any CPU.Build.0 = Release|Any CPU
	EndGlobalSection
	GlobalSection(SolutionProperties) = preSolution
		HideSolutionNode = FALSE
	EndGlobalSection
	GlobalSection(ExtensibilityGlobals) = postSolution
		SolutionGuid = {3831B2B2-D66F-49A0-8167-C1690FCBB450}
	EndGlobalSection
EndGlobal
